
Microsoft Visual Studio Solution File, Format Version 12.00
# Visual Studio Version 17
VisualStudioVersion = 17.0.31903.59
MinimumVisualStudioVersion = 10.0.40219.1
Project("{2150E333-8FDC-42A3-9474-1A3956D46DE8}") = "src", "src", "{827E0CD3-B72D-47B6-A68D-7590B98EB39B}"
EndProject
Project("{FAE04EC0-301F-11D3-BF4B-00C04F79EFBC}") = "AhaKey.Core", "src\AhaKey.Core\AhaKey.Core.csproj", "{0EF8087F-F5A0-4479-B1C6-C09CE032144D}"
EndProject
Project("{FAE04EC0-301F-11D3-BF4B-00C04F79EFBC}") = "AhaKey.Device", "src\AhaKey.Device\AhaKey.Device.csproj", "{A3E0CC48-24E0-4EB8-9285-E2C95F0B9967}"
EndProject
Project("{FAE04EC0-301F-11D3-BF4B-00C04F79EFBC}") = "AhaKey.Protocol", "src\AhaKey.Protocol\AhaKey.Protocol.csproj", "{569CD5D7-4FDB-41C5-B140-E9FD75453BE9}"
EndProject
Project("{FAE04EC0-301F-11D3-BF4B-00C04F79EFBC}") = "AhaKey.Firmware", "src\AhaKey.Firmware\AhaKey.Firmware.csproj", "{32E0FAEC-2578-439E-B111-C3730A130BA2}"
EndProject
Project("{FAE04EC0-301F-11D3-BF4B-00C04F79EFBC}") = "AhaKey.Integrations", "src\AhaKey.Integrations\AhaKey.Integrations.csproj", "{7A99C274-8153-41E8-B567-B082C6FD68C0}"
EndProject
Project("{FAE04EC0-301F-11D3-BF4B-00C04F79EFBC}") = "AhaKey.Services", "src\AhaKey.Services\AhaKey.Services.csproj", "{9B5DE9F3-4F86-4ACF-9C9B-6FE98EA2B877}"
EndProject
Project("{FAE04EC0-301F-11D3-BF4B-00C04F79EFBC}") = "AhaKey.Studio", "src\AhaKey.Studio\AhaKey.Studio.csproj", "{7172457B-B76E-47C9-BF02-7AA5D8439FD6}"
EndProject
Project("{2150E333-8FDC-42A3-9474-1A3956D46DE8}") = "tests", "tests", "{0AB3BF05-4346-4AA6-1389-037BE0695223}"
EndProject
Project("{FAE04EC0-301F-11D3-BF4B-00C04F79EFBC}") = "AhaKey.Core.Tests", "tests\AhaKey.Core.Tests\AhaKey.Core.Tests.csproj", "{9A07C138-C715-47F9-BEDD-3728CF96BEDD}"
EndProject
Project("{FAE04EC0-301F-11D3-BF4B-00C04F79EFBC}") = "AhaKey.Device.Tests", "tests\AhaKey.Device.Tests\AhaKey.Device.Tests.csproj", "{8CAD734D-B19D-4677-B6BE-34A86060042E}"
EndProject
Project("{FAE04EC0-301F-11D3-BF4B-00C04F79EFBC}") = "AhaKey.Protocol.Tests", "tests\AhaKey.Protocol.Tests\AhaKey.Protocol.Tests.csproj", "{D9268CDF-D4FC-44B8-97F2-FC00E23B0232}"
EndProject
Project("{FAE04EC0-301F-11D3-BF4B-00C04F79EFBC}") = "AhaKey.Integrations.Tests", "tests\AhaKey.Integrations.Tests\AhaKey.Integrations.Tests.csproj", "{81E93E09-5B8A-4675-A620-855D1DED0997}"
EndProject
Global
	GlobalSection(SolutionConfigurationPlatforms) = preSolution
		Debug|Any CPU = Debug|Any CPU
		Debug|x64 = Debug|x64
		Debug|x86 = Debug|x86
		Release|Any CPU = Release|Any CPU
		Release|x64 = Release|x64
		Release|x86 = Release|x86
	EndGlobalSection
	GlobalSection(ProjectConfigurationPlatforms) = postSolution
		{0EF8087F-F5A0-4479-B1C6-C09CE032144D}.Debug|Any CPU.ActiveCfg = Debug|Any CPU
		{0EF8087F-F5A0-4479-B1C6-C09CE032144D}.Debug|Any CPU.Build.0 = Debug|Any CPU
		{0EF8087F-F5A0-4479-B1C6-C09CE032144D}.Debug|x64.ActiveCfg = Debug|Any CPU
		{0EF8087F-F5A0-4479-B1C6-C09CE032144D}.Debug|x64.Build.0 = Debug|Any CPU
		{0EF8087F-F5A0-4479-B1C6-C09CE032144D}.Debug|x86.ActiveCfg = Debug|Any CPU
		{0EF8087F-F5A0-4479-B1C6-C09CE032144D}.Debug|x86.Build.0 = Debug|Any CPU
		{0EF8087F-F5A0-4479-B1C6-C09CE032144D}.Release|Any CPU.ActiveCfg = Release|Any CPU
		{0EF8087F-F5A0-4479-B1C6-C09CE032144D}.Release|Any CPU.Build.0 = Release|Any CPU
		{0EF8087F-F5A0-4479-B1C6-C09CE032144D}.Release|x64.ActiveCfg = Release|Any CPU
		{0EF8087F-F5A0-4479-B1C6-C09CE032144D}.Release|x64.Build.0 = Release|Any CPU
		{0EF8087F-F5A0-4479-B1C6-C09CE032144D}.Release|x86.ActiveCfg = Release|Any CPU
		{0EF8087F-F5A0-4479-B1C6-C09CE032144D}.Release|x86.Build.0 = Release|Any CPU
		{A3E0CC48-24E0-4EB8-9285-E2C95F0B9967}.Debug|Any CPU.ActiveCfg = Debug|Any CPU
		{A3E0CC48-24E0-4EB8-9285-E2C95F0B9967}.Debug|Any CPU.Build.0 = Debug|Any CPU
		{A3E0CC48-24E0-4EB8-9285-E2C95F0B9967}.Debug|x64.ActiveCfg = Debug|Any CPU
		{A3E0CC48-24E0-4EB8-9285-E2C95F0B9967}.Debug|x64.Build.0 = Debug|Any CPU
		{A3E0CC48-24E0-4EB8-9285-E2C95F0B9967}.Debug|x86.ActiveCfg = Debug|Any CPU
		{A3E0CC48-24E0-4EB8-9285-E2C95F0B9967}.Debug|x86.Build.0 = Debug|Any CPU
		{A3E0CC48-24E0-4EB8-9285-E2C95F0B9967}.Release|Any CPU.ActiveCfg = Release|Any CPU
		{A3E0CC48-24E0-4EB8-9285-E2C95F0B9967}.Release|Any CPU.Build.0 = Release|Any CPU
		{A3E0CC48-24E0-4EB8-9285-E2C95F0B9967}.Release|x64.ActiveCfg = Release|Any CPU
		{A3E0CC48-24E0-4EB8-9285-E2C95F0B9967}.Release|x64.Build.0 = Release|Any CPU
		{A3E0CC48-24E0-4EB8-9285-E2C95F0B9967}.Release|x86.ActiveCfg = Release|Any CPU
		{A3E0CC48-24E0-4EB8-9285-E2C95F0B9967}.Release|x86.Build.0 = Release|Any CPU
		{569CD5D7-4FDB-41C5-B140-E9FD75453BE9}.Debug|Any CPU.ActiveCfg = Debug|Any CPU
		{569CD5D7-4FDB-41C5-B140-E9FD75453BE9}.Debug|Any CPU.Build.0 = Debug|Any CPU
		{569CD5D7-4FDB-41C5-B140-E9FD75453BE9}.Debug|x64.ActiveCfg = Debug|Any CPU
		{569CD5D7-4FDB-41C5-B140-E9FD75453BE9}.Debug|x64.Build.0 = Debug|Any CPU
		{569CD5D7-4FDB-41C5-B140-E9FD75453BE9}.Debug|x86.ActiveCfg = Debug|Any CPU
		{569CD5D7-4FDB-41C5-B140-E9FD75453BE9}.Debug|x86.Build.0 = Debug|Any CPU
		{569CD5D7-4FDB-41C5-B140-E9FD75453BE9}.Release|Any CPU.ActiveCfg = Release|Any CPU
		{569CD5D7-4FDB-41C5-B140-E9FD75453BE9}.Release|Any CPU.Build.0 = Release|Any CPU
		{569CD5D7-4FDB-41C5-B140-E9FD75453BE9}.Release|x64.ActiveCfg = Release|Any CPU
		{569CD5D7-4FDB-41C5-B140-E9FD75453BE9}.Release|x64.Build.0 = Release|Any CPU
		{569CD5D7-4FDB-41C5-B140-E9FD75453BE9}.Release|x86.ActiveCfg = Release|Any CPU
		{569CD5D7-4FDB-41C5-B140-E9FD75453BE9}.Release|x86.Build.0 = Release|Any CPU
		{32E0FAEC-2578-439E-B111-C3730A130BA2}.Debug|Any CPU.ActiveCfg = Debug|Any CPU
		{32E0FAEC-2578-439E-B111-C3730A130BA2}.Debug|Any CPU.Build.0 = Debug|Any CPU
		{32E0FAEC-2578-439E-B111-C3730A130BA2}.Debug|x64.ActiveCfg = Debug|Any CPU
		{32E0FAEC-2578-439E-B111-C3730A130BA2}.Debug|x64.Build.0 = Debug|Any CPU
		{32E0FAEC-2578-439E-B111-C3730A130BA2}.Debug|x86.ActiveCfg = Debug|Any CPU
		{32E0FAEC-2578-439E-B111-C3730A130BA2}.Debug|x86.Build.0 = Debug|Any CPU
		{32E0FAEC-2578-439E-B111-C3730A130BA2}.Release|Any CPU.ActiveCfg = Release|Any CPU
		{32E0FAEC-2578-439E-B111-C3730A130BA2}.Release|Any CPU.Build.0 = Release|Any CPU
		{32E0FAEC-2578-439E-B111-C3730A130BA2}.Release|x64.ActiveCfg = Release|Any CPU
		{32E0FAEC-2578-439E-B111-C3730A130BA2}.Release|x64.Build.0 = Release|Any CPU
		{32E0FAEC-2578-439E-B111-C3730A130BA2}.Release|x86.ActiveCfg = Release|Any CPU
		{32E0FAEC-2578-439E-B111-C3730A130BA2}.Release|x86.Build.0 = Release|Any CPU
		{7A99C274-8153-41E8-B567-B082C6FD68C0}.Debug|Any CPU.ActiveCfg = Debug|Any CPU
		{7A99C274-8153-41E8-B567-B082C6FD68C0}.Debug|Any CPU.Build.0 = Debug|Any CPU
		{7A99C274-8153-41E8-B567-B082C6FD68C0}.Debug|x64.ActiveCfg = Debug|Any CPU
		{7A99C274-8153-41E8-B567-B082C6FD68C0}.Debug|x64.Build.0 = Debug|Any CPU
		{7A99C274-8153-41E8-B567-B082C6FD68C0}.Debug|x86.ActiveCfg = Debug|Any CPU
		{7A99C274-8153-41E8-B567-B082C6FD68C0}.Debug|x86.Build.0 = Debug|Any CPU
		{7A99C274-8153-41E8-B567-B082C6FD68C0}.Release|Any CPU.ActiveCfg = Release|Any CPU
		{7A99C274-8153-41E8-B567-B082C6FD68C0}.Release|Any CPU.Build.0 = Release|Any CPU
		{7A99C274-8153-41E8-B567-B082C6FD68C0}.Release|x64.ActiveCfg = Release|Any CPU
		{7A99C274-8153-41E8-B567-B082C6FD68C0}.Release|x64.Build.0 = Release|Any CPU
		{7A99C274-8153-41E8-B567-B082C6FD68C0}.Release|x86.ActiveCfg = Release|Any CPU
		{7A99C274-8153-41E8-B567-B082C6FD68C0}.Release|x86.Build.0 = Release|Any CPU
		{9B5DE9F3-4F86-4ACF-9C9B-6FE98EA2B877}.Debug|Any CPU.ActiveCfg = Debug|Any CPU
		{9B5DE9F3-4F86-4ACF-9C9B-6FE98EA2B877}.Debug|Any CPU.Build.0 = Debug|Any CPU
		{9B5DE9F3-4F86-4ACF-9C9B-6FE98EA2B877}.Debug|x64.ActiveCfg = Debug|Any CPU
		{9B5DE9F3-4F86-4ACF-9C9B-6FE98EA2B877}.Debug|x64.Build.0 = Debug|Any CPU
		{9B5DE9F3-4F86-4ACF-9C9B-6FE98EA2B877}.Debug|x86.ActiveCfg = Debug|Any CPU
		{9B5DE9F3-4F86-4ACF-9C9B-6FE98EA2B877}.Debug|x86.Build.0 = Debug|Any CPU
		{9B5DE9F3-4F86-4ACF-9C9B-6FE98EA2B877}.Release|Any CPU.ActiveCfg = Release|Any CPU
		{9B5DE9F3-4F86-4ACF-9C9B-6FE98EA2B877}.Release|Any CPU.Build.0 = Release|Any CPU
		{9B5DE9F3-4F86-4ACF-9C9B-6FE98EA2B877}.Release|x64.ActiveCfg = Release|Any CPU
		{9B5DE9F3-4F86-4ACF-9C9B-6FE98EA2B877}.Release|x64.Build.0 = Release|Any CPU
		{9B5DE9F3-4F86-4ACF-9C9B-6FE98EA2B877}.Release|x86.ActiveCfg = Release|Any CPU
		{9B5DE9F3-4F86-4ACF-9C9B-6FE98EA2B877}.Release|x86.Build.0 = Release|Any CPU
		{7172457B-B76E-47C9-BF02-7AA5D8439FD6}.Debug|Any CPU.ActiveCfg = Debug|Any CPU
		{7172457B-B76E-47C9-BF02-7AA5D8439FD6}.Debug|Any CPU.Build.0 = Debug|Any CPU
		{7172457B-B76E-47C9-BF02-7AA5D8439FD6}.Debug|x64.ActiveCfg = Debug|Any CPU
		{7172457B-B76E-47C9-BF02-7AA5D8439FD6}.Debug|x64.Build.0 = Debug|Any CPU
		{7172457B-B76E-47C9-BF02-7AA5D8439FD6}.Debug|x86.ActiveCfg = Debug|Any CPU
		{7172457B-B76E-47C9-BF02-7AA5D8439FD6}.Debug|x86.Build.0 = Debug|Any CPU
		{7172457B-B76E-47C9-BF02-7AA5D8439FD6}.Release|Any CPU.ActiveCfg = Release|Any CPU
		{7172457B-B76E-47C9-BF02-7AA5D8439FD6}.Release|Any CPU.Build.0 = Release|Any CPU
		{7172457B-B76E-47C9-BF02-7AA5D8439FD6}.Release|x64.ActiveCfg = Release|Any CPU
		{7172457B-B76E-47C9-BF02-7AA5D8439FD6}.Release|x64.Build.0 = Release|Any CPU
		{7172457B-B76E-47C9-BF02-7AA5D8439FD6}.Release|x86.ActiveCfg = Release|Any CPU
		{7172457B-B76E-47C9-BF02-7AA5D8439FD6}.Release|x86.Build.0 = Release|Any CPU
		{9A07C138-C715-47F9-BEDD-3728CF96BEDD}.Debug|Any CPU.ActiveCfg = Debug|Any CPU
		{9A07C138-C715-47F9-BEDD-3728CF96BEDD}.Debug|Any CPU.Build.0 = Debug|Any CPU
		{9A07C138-C715-47F9-BEDD-3728CF96BEDD}.Debug|x64.ActiveCfg = Debug|Any CPU
		{9A07C138-C715-47F9-BEDD-3728CF96BEDD}.Debug|x64.Build.0 = Debug|Any CPU
		{9A07C138-C715-47F9-BEDD-3728CF96BEDD}.Debug|x86.ActiveCfg = Debug|Any CPU
		{9A07C138-C715-47F9-BEDD-3728CF96BEDD}.Debug|x86.Build.0 = Debug|Any CPU
		{9A07C138-C715-47F9-BEDD-3728CF96BEDD}.Release|Any CPU.ActiveCfg = Release|Any CPU
		{9A07C138-C715-47F9-BEDD-3728CF96BEDD}.Release|Any CPU.Build.0 = Release|Any CPU
		{9A07C138-C715-47F9-BEDD-3728CF96BEDD}.Release|x64.ActiveCfg = Release|Any CPU
		{9A07C138-C715-47F9-BEDD-3728CF96BEDD}.Release|x64.Build.0 = Release|Any CPU
		{9A07C138-C715-47F9-BEDD-3728CF96BEDD}.Release|x86.ActiveCfg = Release|Any CPU
		{9A07C138-C715-47F9-BEDD-3728CF96BEDD}.Release|x86.Build.0 = Release|Any CPU
		{8CAD734D-B19D-4677-B6BE-34A86060042E}.Debug|Any CPU.ActiveCfg = Debug|Any CPU
		{8CAD734D-B19D-4677-B6BE-34A86060042E}.Debug|Any CPU.Build.0 = Debug|Any CPU
		{8CAD734D-B19D-4677-B6BE-34A86060042E}.Debug|x64.ActiveCfg = Debug|Any CPU
		{8CAD734D-B19D-4677-B6BE-34A86060042E}.Debug|x64.Build.0 = Debug|Any CPU
		{8CAD734D-B19D-4677-B6BE-34A86060042E}.Debug|x86.ActiveCfg = Debug|Any CPU
		{8CAD734D-B19D-4677-B6BE-34A86060042E}.Debug|x86.Build.0 = Debug|Any CPU
		{8CAD734D-B19D-4677-B6BE-34A86060042E}.Release|Any CPU.ActiveCfg = Release|Any CPU
		{8CAD734D-B19D-4677-B6BE-34A86060042E}.Release|Any CPU.Build.0 = Release|Any CPU
		{8CAD734D-B19D-4677-B6BE-34A86060042E}.Release|x64.ActiveCfg = Release|Any CPU
		{8CAD734D-B19D-4677-B6BE-34A86060042E}.Release|x64.Build.0 = Release|Any CPU
		{8CAD734D-B19D-4677-B6BE-34A86060042E}.Release|x86.ActiveCfg = Release|Any CPU
		{8CAD734D-B19D-4677-B6BE-34A86060042E}.Release|x86.Build.0 = Release|Any CPU
		{D9268CDF-D4FC-44B8-97F2-FC00E23B0232}.Debug|Any CPU.ActiveCfg = Debug|Any CPU
		{D9268CDF-D4FC-44B8-97F2-FC00E23B0232}.Debug|Any CPU.Build.0 = Debug|Any CPU
		{D9268CDF-D4FC-44B8-97F2-FC00E23B0232}.Debug|x64.ActiveCfg = Debug|Any CPU
		{D9268CDF-D4FC-44B8-97F2-FC00E23B0232}.Debug|x64.Build.0 = Debug|Any CPU
		{D9268CDF-D4FC-44B8-97F2-FC00E23B0232}.Debug|x86.ActiveCfg = Debug|Any CPU
		{D9268CDF-D4FC-44B8-97F2-FC00E23B0232}.Debug|x86.Build.0 = Debug|Any CPU
		{D9268CDF-D4FC-44B8-97F2-FC00E23B0232}.Release|Any CPU.ActiveCfg = Release|Any CPU
		{D9268CDF-D4FC-44B8-97F2-FC00E23B0232}.Release|Any CPU.Build.0 = Release|Any CPU
		{D9268CDF-D4FC-44B8-97F2-FC00E23B0232}.Release|x64.ActiveCfg = Release|Any CPU
		{D9268CDF-D4FC-44B8-97F2-FC00E23B0232}.Release|x64.Build.0 = Release|Any CPU
		{D9268CDF-D4FC-44B8-97F2-FC00E23B0232}.Release|x86.ActiveCfg = Release|Any CPU
		{D9268CDF-D4FC-44B8-97F2-FC00E23B0232}.Release|x86.Build.0 = Release|Any CPU
		{81E93E09-5B8A-4675-A620-855D1DED0997}.Debug|Any CPU.ActiveCfg = Debug|Any CPU
		{81E93E09-5B8A-4675-A620-855D1DED0997}.Debug|Any CPU.Build.0 = Debug|Any CPU
		{81E93E09-5B8A-4675-A620-855D1DED0997}.Debug|x64.ActiveCfg = Debug|Any CPU
		{81E93E09-5B8A-4675-A620-855D1DED0997}.Debug|x64.Build.0 = Debug|Any CPU
		{81E93E09-5B8A-4675-A620-855D1DED0997}.Debug|x86.ActiveCfg = Debug|Any CPU
		{81E93E09-5B8A-4675-A620-855D1DED0997}.Debug|x86.Build.0 = Debug|Any CPU
		{81E93E09-5B8A-4675-A620-855D1DED0997}.Release|Any CPU.ActiveCfg = Release|Any CPU
		{81E93E09-5B8A-4675-A620-855D1DED0997}.Release|Any CPU.Build.0 = Release|Any CPU
		{81E93E09-5B8A-4675-A620-855D1DED0997}.Release|x64.ActiveCfg = Release|Any CPU
		{81E93E09-5B8A-4675-A620-855D1DED0997}.Release|x64.Build.0 = Release|Any CPU
		{81E93E09-5B8A-4675-A620-855D1DED0997}.Release|x86.ActiveCfg = Release|Any CPU
		{81E93E09-5B8A-4675-A620-855D1DED0997}.Release|x86.Build.0 = Release|Any CPU
	EndGlobalSection
	GlobalSection(SolutionProperties) = preSolution
		HideSolutionNode = FALSE
	EndGlobalSection
	GlobalSection(NestedProjects) = preSolution
		{0EF8087F-F5A0-4479-B1C6-C09CE032144D} = {827E0CD3-B72D-47B6-A68D-7590B98EB39B}
		{A3E0CC48-24E0-4EB8-9285-E2C95F0B9967} = {827E0CD3-B72D-47B6-A68D-7590B98EB39B}
		{569CD5D7-4FDB-41C5-B140-E9FD75453BE9} = {827E0CD3-B72D-47B6-A68D-7590B98EB39B}
		{32E0FAEC-2578-439E-B111-C3730A130BA2} = {827E0CD3-B72D-47B6-A68D-7590B98EB39B}
		{7A99C274-8153-41E8-B567-B082C6FD68C0} = {827E0CD3-B72D-47B6-A68D-7590B98EB39B}
		{9B5DE9F3-4F86-4ACF-9C9B-6FE98EA2B877} = {827E0CD3-B72D-47B6-A68D-7590B98EB39B}
		{7172457B-B76E-47C9-BF02-7AA5D8439FD6} = {827E0CD3-B72D-47B6-A68D-7590B98EB39B}
		{9A07C138-C715-47F9-BEDD-3728CF96BEDD} = {0AB3BF05-4346-4AA6-1389-037BE0695223}
		{8CAD734D-B19D-4677-B6BE-34A86060042E} = {0AB3BF05-4346-4AA6-1389-037BE0695223}
		{D9268CDF-D4FC-44B8-97F2-FC00E23B0232} = {0AB3BF05-4346-4AA6-1389-037BE0695223}
		{81E93E09-5B8A-4675-A620-855D1DED0997} = {0AB3BF05-4346-4AA6-1389-037BE0695223}
	EndGlobalSection
EndGlobal
